// !$*UTF8*$!
{
	archiveVersion = 1;
	classes = {
	};
	objectVersion = 50;
	objects = {

/* Begin PBXBuildFile section */
		9CA966AD2382ADA500C6A517 /* AppDelegate.swift in Sources */ = {isa = PBXBuildFile; fileRef = 9CA966AC2382ADA500C6A517 /* AppDelegate.swift */; };
		9CA966AF2382ADA500C6A517 /* SceneDelegate.swift in Sources */ = {isa = PBXBuildFile; fileRef = 9CA966AE2382ADA500C6A517 /* SceneDelegate.swift */; };
		9CA966B12382ADA500C6A517 /* ViewController.swift in Sources */ = {isa = PBXBuildFile; fileRef = 9CA966B02382ADA500C6A517 /* ViewController.swift */; };
		9CA966B42382ADA500C6A517 /* Main.storyboard in Resources */ = {isa = PBXBuildFile; fileRef = 9CA966B22382ADA500C6A517 /* Main.storyboard */; };
		9CA966B62382ADA700C6A517 /* Assets.xcassets in Resources */ = {isa = PBXBuildFile; fileRef = 9CA966B52382ADA700C6A517 /* Assets.xcassets */; };
		9CA966B92382ADA700C6A517 /* LaunchScreen.storyboard in Resources */ = {isa = PBXBuildFile; fileRef = 9CA966B72382ADA700C6A517 /* LaunchScreen.storyboard */; };
		9CA966C42382ADA700C6A517 /* RickAndMortyTests.swift in Sources */ = {isa = PBXBuildFile; fileRef = 9CA966C32382ADA700C6A517 /* RickAndMortyTests.swift */; };
		9CA966CF2382ADA800C6A517 /* RickAndMortyUITests.swift in Sources */ = {isa = PBXBuildFile; fileRef = 9CA966CE2382ADA800C6A517 /* RickAndMortyUITests.swift */; };
/* End PBXBuildFile section */

/* Begin PBXContainerItemProxy section */
		9CA966C02382ADA700C6A517 /* PBXContainerItemProxy */ = {
			isa = PBXContainerItemProxy;
			containerPortal = 9CA966A12382ADA500C6A517 /* Project object */;
			proxyType = 1;
			remoteGlobalIDString = 9CA966A82382ADA500C6A517;
			remoteInfo = RickAndMorty;
		};
		9CA966CB2382ADA800C6A517 /* PBXContainerItemProxy */ = {
			isa = PBXContainerItemProxy;
			containerPortal = 9CA966A12382ADA500C6A517 /* Project object */;
			proxyType = 1;
			remoteGlobalIDString = 9CA966A82382ADA500C6A517;
			remoteInfo = RickAndMorty;
		};
/* End PBXContainerItemProxy section */

/* Begin PBXFileReference section */
		9CA966A92382ADA500C6A517 /* RickAndMorty.app */ = {isa = PBXFileReference; explicitFileType = wrapper.application; includeInIndex = 0; path = RickAndMorty.app; sourceTree = BUILT_PRODUCTS_DIR; };
		9CA966AC2382ADA500C6A517 /* AppDelegate.swift */ = {isa = PBXFileReference; lastKnownFileType = sourcecode.swift; path = AppDelegate.swift; sourceTree = "<group>"; };
		9CA966AE2382ADA500C6A517 /* SceneDelegate.swift */ = {isa = PBXFileReference; lastKnownFileType = sourcecode.swift; path = SceneDelegate.swift; sourceTree = "<group>"; };
		9CA966B02382ADA500C6A517 /* ViewController.swift */ = {isa = PBXFileReference; lastKnownFileType = sourcecode.swift; path = ViewController.swift; sourceTree = "<group>"; };
		9CA966B32382ADA500C6A517 /* Base */ = {isa = PBXFileReference; lastKnownFileType = file.storyboard; name = Base; path = Base.lproj/Main.storyboard; sourceTree = "<group>"; };
		9CA966B52382ADA700C6A517 /* Assets.xcassets */ = {isa = PBXFileReference; lastKnownFileType = folder.assetcatalog; path = Assets.xcassets; sourceTree = "<group>"; };
		9CA966B82382ADA700C6A517 /* Base */ = {isa = PBXFileReference; lastKnownFileType = file.storyboard; name = Base; path = Base.lproj/LaunchScreen.storyboard; sourceTree = "<group>"; };
		9CA966BA2382ADA700C6A517 /* Info.plist */ = {isa = PBXFileReference; lastKnownFileType = text.plist.xml; path = Info.plist; sourceTree = "<group>"; };
		9CA966BF2382ADA700C6A517 /* RickAndMortyTests.xctest */ = {isa = PBXFileReference; explicitFileType = wrapper.cfbundle; includeInIndex = 0; path = RickAndMortyTests.xctest; sourceTree = BUILT_PRODUCTS_DIR; };
		9CA966C32382ADA700C6A517 /* RickAndMortyTests.swift */ = {isa = PBXFileReference; lastKnownFileType = sourcecode.swift; path = RickAndMortyTests.swift; sourceTree = "<group>"; };
		9CA966C52382ADA700C6A517 /* Info.plist */ = {isa = PBXFileReference; lastKnownFileType = text.plist.xml; path = Info.plist; sourceTree = "<group>"; };
		9CA966CA2382ADA800C6A517 /* RickAndMortyUITests.xctest */ = {isa = PBXFileReference; explicitFileType = wrapper.cfbundle; includeInIndex = 0; path = RickAndMortyUITests.xctest; sourceTree = BUILT_PRODUCTS_DIR; };
		9CA966CE2382ADA800C6A517 /* RickAndMortyUITests.swift */ = {isa = PBXFileReference; lastKnownFileType = sourcecode.swift; path = RickAndMortyUITests.swift; sourceTree = "<group>"; };
		9CA966D02382ADA800C6A517 /* Info.plist */ = {isa = PBXFileReference; lastKnownFileType = text.plist.xml; path = Info.plist; sourceTree = "<group>"; };
/* End PBXFileReference section */

/* Begin PBXFrameworksBuildPhase section */
		9CA966A62382ADA500C6A517 /* Frameworks */ = {
			isa = PBXFrameworksBuildPhase;
			buildActionMask = 2147483647;
			files = (
			);
			runOnlyForDeploymentPostprocessing = 0;
		};
		9CA966BC2382ADA700C6A517 /* Frameworks */ = {
			isa = PBXFrameworksBuildPhase;
			buildActionMask = 2147483647;
			files = (
			);
			runOnlyForDeploymentPostprocessing = 0;
		};
		9CA966C72382ADA800C6A517 /* Frameworks */ = {
			isa = PBXFrameworksBuildPhase;
			buildActionMask = 2147483647;
			files = (
			);
			runOnlyForDeploymentPostprocessing = 0;
		};
/* End PBXFrameworksBuildPhase section */

/* Begin PBXGroup section */
		9CA966A02382ADA500C6A517 = {
			isa = PBXGroup;
			children = (
				9CA966AB2382ADA500C6A517 /* RickAndMorty */,
				9CA966C22382ADA700C6A517 /* RickAndMortyTests */,
				9CA966CD2382ADA800C6A517 /* RickAndMortyUITests */,
				9CA966AA2382ADA500C6A517 /* Products */,
			);
			sourceTree = "<group>";
		};
		9CA966AA2382ADA500C6A517 /* Products */ = {
			isa = PBXGroup;
			children = (
				9CA966A92382ADA500C6A517 /* RickAndMorty.app */,
				9CA966BF2382ADA700C6A517 /* RickAndMortyTests.xctest */,
				9CA966CA2382ADA800C6A517 /* RickAndMortyUITests.xctest */,
			);
			name = Products;
			sourceTree = "<group>";
		};
		9CA966AB2382ADA500C6A517 /* RickAndMorty */ = {
			isa = PBXGroup;
			children = (
				9CA966AC2382ADA500C6A517 /* AppDelegate.swift */,
				9CA966AE2382ADA500C6A517 /* SceneDelegate.swift */,
				9CA966B02382ADA500C6A517 /* ViewController.swift */,
				9CA966B22382ADA500C6A517 /* Main.storyboard */,
				9CA966B52382ADA700C6A517 /* Assets.xcassets */,
				9CA966B72382ADA700C6A517 /* LaunchScreen.storyboard */,
				9CA966BA2382ADA700C6A517 /* Info.plist */,
			);
			path = RickAndMorty;
			sourceTree = "<group>";
		};
		9CA966C22382ADA700C6A517 /* RickAndMortyTests */ = {
			isa = PBXGroup;
			children = (
				9CA966C32382ADA700C6A517 /* RickAndMortyTests.swift */,
				9CA966C52382ADA700C6A517 /* Info.plist */,
			);
			path = RickAndMortyTests;
			sourceTree = "<group>";
		};
		9CA966CD2382ADA800C6A517 /* RickAndMortyUITests */ = {
			isa = PBXGroup;
			children = (
				9CA966CE2382ADA800C6A517 /* RickAndMortyUITests.swift */,
				9CA966D02382ADA800C6A517 /* Info.plist */,
			);
			path = RickAndMortyUITests;
			sourceTree = "<group>";
		};
/* End PBXGroup section */

/* Begin PBXNativeTarget section */
		9CA966A82382ADA500C6A517 /* RickAndMorty */ = {
			isa = PBXNativeTarget;
			buildConfigurationList = 9CA966D32382ADA800C6A517 /* Build configuration list for PBXNativeTarget "RickAndMorty" */;
			buildPhases = (
				9CA966A52382ADA500C6A517 /* Sources */,
				9CA966A62382ADA500C6A517 /* Frameworks */,
				9CA966A72382ADA500C6A517 /* Resources */,
			);
			buildRules = (
			);
			dependencies = (
			);
			name = RickAndMorty;
			productName = RickAndMorty;
			productReference = 9CA966A92382ADA500C6A517 /* RickAndMorty.app */;
			productType = "com.apple.product-type.application";
		};
		9CA966BE2382ADA700C6A517 /* RickAndMortyTests */ = {
			isa = PBXNativeTarget;
			buildConfigurationList = 9CA966D62382ADA800C6A517 /* Build configuration list for PBXNativeTarget "RickAndMortyTests" */;
			buildPhases = (
				9CA966BB2382ADA700C6A517 /* Sources */,
				9CA966BC2382ADA700C6A517 /* Frameworks */,
				9CA966BD2382ADA700C6A517 /* Resources */,
			);
			buildRules = (
			);
			dependencies = (
				9CA966C12382ADA700C6A517 /* PBXTargetDependency */,
			);
			name = RickAndMortyTests;
			productName = RickAndMortyTests;
			productReference = 9CA966BF2382ADA700C6A517 /* RickAndMortyTests.xctest */;
			productType = "com.apple.product-type.bundle.unit-test";
		};
		9CA966C92382ADA800C6A517 /* RickAndMortyUITests */ = {
			isa = PBXNativeTarget;
			buildConfigurationList = 9CA966D92382ADA800C6A517 /* Build configuration list for PBXNativeTarget "RickAndMortyUITests" */;
			buildPhases = (
				9CA966C62382ADA800C6A517 /* Sources */,
				9CA966C72382ADA800C6A517 /* Frameworks */,
				9CA966C82382ADA800C6A517 /* Resources */,
			);
			buildRules = (
			);
			dependencies = (
				9CA966CC2382ADA800C6A517 /* PBXTargetDependency */,
			);
			name = RickAndMortyUITests;
			productName = RickAndMortyUITests;
			productReference = 9CA966CA2382ADA800C6A517 /* RickAndMortyUITests.xctest */;
			productType = "com.apple.product-type.bundle.ui-testing";
		};
/* End PBXNativeTarget section */

/* Begin PBXProject section */
		9CA966A12382ADA500C6A517 /* Project object */ = {
			isa = PBXProject;
			attributes = {
				LastSwiftUpdateCheck = 1100;
				LastUpgradeCheck = 1100;
				ORGANIZATIONNAME = "Chayawat Suntornrak";
				TargetAttributes = {
					9CA966A82382ADA500C6A517 = {
						CreatedOnToolsVersion = 11.0;
					};
					9CA966BE2382ADA700C6A517 = {
						CreatedOnToolsVersion = 11.0;
						TestTargetID = 9CA966A82382ADA500C6A517;
					};
					9CA966C92382ADA800C6A517 = {
						CreatedOnToolsVersion = 11.0;
						TestTargetID = 9CA966A82382ADA500C6A517;
					};
				};
			};
			buildConfigurationList = 9CA966A42382ADA500C6A517 /* Build configuration list for PBXProject "RickAndMorty" */;
			compatibilityVersion = "Xcode 9.3";
			developmentRegion = en;
			hasScannedForEncodings = 0;
			knownRegions = (
				en,
				Base,
			);
			mainGroup = 9CA966A02382ADA500C6A517;
			productRefGroup = 9CA966AA2382ADA500C6A517 /* Products */;
			projectDirPath = "";
			projectRoot = "";
			targets = (
				9CA966A82382ADA500C6A517 /* RickAndMorty */,
				9CA966BE2382ADA700C6A517 /* RickAndMortyTests */,
				9CA966C92382ADA800C6A517 /* RickAndMortyUITests */,
			);
		};
/* End PBXProject section */

/* Begin PBXResourcesBuildPhase section */
		9CA966A72382ADA500C6A517 /* Resources */ = {
			isa = PBXResourcesBuildPhase;
			buildActionMask = 2147483647;
			files = (
				9CA966B92382ADA700C6A517 /* LaunchScreen.storyboard in Resources */,
				9CA966B62382ADA700C6A517 /* Assets.xcassets in Resources */,
				9CA966B42382ADA500C6A517 /* Main.storyboard in Resources */,
			);
			runOnlyForDeploymentPostprocessing = 0;
		};
		9CA966BD2382ADA700C6A517 /* Resources */ = {
			isa = PBXResourcesBuildPhase;
			buildActionMask = 2147483647;
			files = (
			);
			runOnlyForDeploymentPostprocessing = 0;
		};
		9CA966C82382ADA800C6A517 /* Resources */ = {
			isa = PBXResourcesBuildPhase;
			buildActionMask = 2147483647;
			files = (
			);
			runOnlyForDeploymentPostprocessing = 0;
		};
/* End PBXResourcesBuildPhase section */

/* Begin PBXSourcesBuildPhase section */
		9CA966A52382ADA500C6A517 /* Sources */ = {
			isa = PBXSourcesBuildPhase;
			buildActionMask = 2147483647;
			files = (
				9CA966B12382ADA500C6A517 /* ViewController.swift in Sources */,
				9CA966AD2382ADA500C6A517 /* AppDelegate.swift in Sources */,
				9CA966AF2382ADA500C6A517 /* SceneDelegate.swift in Sources */,
			);
			runOnlyForDeploymentPostprocessing = 0;
		};
		9CA966BB2382ADA700C6A517 /* Sources */ = {
			isa = PBXSourcesBuildPhase;
			buildActionMask = 2147483647;
			files = (
				9CA966C42382ADA700C6A517 /* RickAndMortyTests.swift in Sources */,
			);
			runOnlyForDeploymentPostprocessing = 0;
		};
		9CA966C62382ADA800C6A517 /* Sources */ = {
			isa = PBXSourcesBuildPhase;
			buildActionMask = 2147483647;
			files = (
				9CA966CF2382ADA800C6A517 /* RickAndMortyUITests.swift in Sources */,
			);
			runOnlyForDeploymentPostprocessing = 0;
		};
/* End PBXSourcesBuildPhase section */

/* Begin PBXTargetDependency section */
		9CA966C12382ADA700C6A517 /* PBXTargetDependency */ = {
			isa = PBXTargetDependency;
			target = 9CA966A82382ADA500C6A517 /* RickAndMorty */;
			targetProxy = 9CA966C02382ADA700C6A517 /* PBXContainerItemProxy */;
		};
		9CA966CC2382ADA800C6A517 /* PBXTargetDependency */ = {
			isa = PBXTargetDependency;
			target = 9CA966A82382ADA500C6A517 /* RickAndMorty */;
			targetProxy = 9CA966CB2382ADA800C6A517 /* PBXContainerItemProxy */;
		};
/* End PBXTargetDependency section */

/* Begin PBXVariantGroup section */
		9CA966B22382ADA500C6A517 /* Main.storyboard */ = {
			isa = PBXVariantGroup;
			children = (
				9CA966B32382ADA500C6A517 /* Base */,
			);
			name = Main.storyboard;
			sourceTree = "<group>";
		};
		9CA966B72382ADA700C6A517 /* LaunchScreen.storyboard */ = {
			isa = PBXVariantGroup;
			children = (
				9CA966B82382ADA700C6A517 /* Base */,
			);
			name = LaunchScreen.storyboard;
			sourceTree = "<group>";
		};
/* End PBXVariantGroup section */

/* Begin XCBuildConfiguration section */
		9CA966D12382ADA800C6A517 /* Debug */ = {
			isa = XCBuildConfiguration;
			buildSettings = {
				ALWAYS_SEARCH_USER_PATHS = NO;
				CLANG_ANALYZER_NONNULL = YES;
				CLANG_ANALYZER_NUMBER_OBJECT_CONVERSION = YES_AGGRESSIVE;
				CLANG_CXX_LANGUAGE_STANDARD = "gnu++14";
				CLANG_CXX_LIBRARY = "libc++";
				CLANG_ENABLE_MODULES = YES;
				CLANG_ENABLE_OBJC_ARC = YES;
				CLANG_ENABLE_OBJC_WEAK = YES;
				CLANG_WARN_BLOCK_CAPTURE_AUTORELEASING = YES;
				CLANG_WARN_BOOL_CONVERSION = YES;
				CLANG_WARN_COMMA = YES;
				CLANG_WARN_CONSTANT_CONVERSION = YES;
				CLANG_WARN_DEPRECATED_OBJC_IMPLEMENTATIONS = YES;
				CLANG_WARN_DIRECT_OBJC_ISA_USAGE = YES_ERROR;
				CLANG_WARN_DOCUMENTATION_COMMENTS = YES;
				CLANG_WARN_EMPTY_BODY = YES;
				CLANG_WARN_ENUM_CONVERSION = YES;
				CLANG_WARN_INFINITE_RECURSION = YES;
				CLANG_WARN_INT_CONVERSION = YES;
				CLANG_WARN_NON_LITERAL_NULL_CONVERSION = YES;
				CLANG_WARN_OBJC_IMPLICIT_RETAIN_SELF = YES;
				CLANG_WARN_OBJC_LITERAL_CONVERSION = YES;
				CLANG_WARN_OBJC_ROOT_CLASS = YES_ERROR;
				CLANG_WARN_RANGE_LOOP_ANALYSIS = YES;
				CLANG_WARN_STRICT_PROTOTYPES = YES;
				CLANG_WARN_SUSPICIOUS_MOVE = YES;
				CLANG_WARN_UNGUARDED_AVAILABILITY = YES_AGGRESSIVE;
				CLANG_WARN_UNREACHABLE_CODE = YES;
				CLANG_WARN__DUPLICATE_METHOD_MATCH = YES;
				COPY_PHASE_STRIP = NO;
				DEBUG_INFORMATION_FORMAT = dwarf;
				ENABLE_STRICT_OBJC_MSGSEND = YES;
				ENABLE_TESTABILITY = YES;
				GCC_C_LANGUAGE_STANDARD = gnu11;
				GCC_DYNAMIC_NO_PIC = NO;
				GCC_NO_COMMON_BLOCKS = YES;
				GCC_OPTIMIZATION_LEVEL = 0;
				GCC_PREPROCESSOR_DEFINITIONS = (
					"DEBUG=1",
					"$(inherited)",
				);
				GCC_WARN_64_TO_32_BIT_CONVERSION = YES;
				GCC_WARN_ABOUT_RETURN_TYPE = YES_ERROR;
				GCC_WARN_UNDECLARED_SELECTOR = YES;
				GCC_WARN_UNINITIALIZED_AUTOS = YES_AGGRESSIVE;
				GCC_WARN_UNUSED_FUNCTION = YES;
				GCC_WARN_UNUSED_VARIABLE = YES;
				IPHONEOS_DEPLOYMENT_TARGET = 13.0;
				MTL_ENABLE_DEBUG_INFO = INCLUDE_SOURCE;
				MTL_FAST_MATH = YES;
				ONLY_ACTIVE_ARCH = YES;
				SDKROOT = iphoneos;
				SWIFT_ACTIVE_COMPILATION_CONDITIONS = DEBUG;
				SWIFT_OPTIMIZATION_LEVEL = "-Onone";
			};
			name = Debug;
		};
		9CA966D22382ADA800C6A517 /* Release */ = {
			isa = XCBuildConfiguration;
			buildSettings = {
				ALWAYS_SEARCH_USER_PATHS = NO;
				CLANG_ANALYZER_NONNULL = YES;
				CLANG_ANALYZER_NUMBER_OBJECT_CONVERSION = YES_AGGRESSIVE;
				CLANG_CXX_LANGUAGE_STANDARD = "gnu++14";
				CLANG_CXX_LIBRARY = "libc++";
				CLANG_ENABLE_MODULES = YES;
				CLANG_ENABLE_OBJC_ARC = YES;
				CLANG_ENABLE_OBJC_WEAK = YES;
				CLANG_WARN_BLOCK_CAPTURE_AUTORELEASING = YES;
				CLANG_WARN_BOOL_CONVERSION = YES;
				CLANG_WARN_COMMA = YES;
				CLANG_WARN_CONSTANT_CONVERSION = YES;
				CLANG_WARN_DEPRECATED_OBJC_IMPLEMENTATIONS = YES;
				CLANG_WARN_DIRECT_OBJC_ISA_USAGE = YES_ERROR;
				CLANG_WARN_DOCUMENTATION_COMMENTS = YES;
				CLANG_WARN_EMPTY_BODY = YES;
				CLANG_WARN_ENUM_CONVERSION = YES;
				CLANG_WARN_INFINITE_RECURSION = YES;
				CLANG_WARN_INT_CONVERSION = YES;
				CLANG_WARN_NON_LITERAL_NULL_CONVERSION = YES;
				CLANG_WARN_OBJC_IMPLICIT_RETAIN_SELF = YES;
				CLANG_WARN_OBJC_LITERAL_CONVERSION = YES;
				CLANG_WARN_OBJC_ROOT_CLASS = YES_ERROR;
				CLANG_WARN_RANGE_LOOP_ANALYSIS = YES;
				CLANG_WARN_STRICT_PROTOTYPES = YES;
				CLANG_WARN_SUSPICIOUS_MOVE = YES;
				CLANG_WARN_UNGUARDED_AVAILABILITY = YES_AGGRESSIVE;
				CLANG_WARN_UNREACHABLE_CODE = YES;
				CLANG_WARN__DUPLICATE_METHOD_MATCH = YES;
				COPY_PHASE_STRIP = NO;
				DEBUG_INFORMATION_FORMAT = "dwarf-with-dsym";
				ENABLE_NS_ASSERTIONS = NO;
				ENABLE_STRICT_OBJC_MSGSEND = YES;
				GCC_C_LANGUAGE_STANDARD = gnu11;
				GCC_NO_COMMON_BLOCKS = YES;
				GCC_WARN_64_TO_32_BIT_CONVERSION = YES;
				GCC_WARN_ABOUT_RETURN_TYPE = YES_ERROR;
				GCC_WARN_UNDECLARED_SELECTOR = YES;
				GCC_WARN_UNINITIALIZED_AUTOS = YES_AGGRESSIVE;
				GCC_WARN_UNUSED_FUNCTION = YES;
				GCC_WARN_UNUSED_VARIABLE = YES;
				IPHONEOS_DEPLOYMENT_TARGET = 13.0;
				MTL_ENABLE_DEBUG_INFO = NO;
				MTL_FAST_MATH = YES;
				SDKROOT = iphoneos;
				SWIFT_COMPILATION_MODE = wholemodule;
				SWIFT_OPTIMIZATION_LEVEL = "-O";
				VALIDATE_PRODUCT = YES;
			};
			name = Release;
		};
		9CA966D42382ADA800C6A517 /* Debug */ = {
			isa = XCBuildConfiguration;
			buildSettings = {
				ASSETCATALOG_COMPILER_APPICON_NAME = AppIcon;
				CODE_SIGN_STYLE = Automatic;
				DEVELOPMENT_TEAM = 98SVP6YBGF;
				INFOPLIST_FILE = RickAndMorty/Info.plist;
				LD_RUNPATH_SEARCH_PATHS = (
					"$(inherited)",
					"@executable_path/Frameworks",
				);
				PRODUCT_BUNDLE_IDENTIFIER = chayarak.RickAndMorty;
				PRODUCT_NAME = "$(TARGET_NAME)";
				SWIFT_VERSION = 5.0;
				TARGETED_DEVICE_FAMILY = "1,2";
			};
			name = Debug;
		};
		9CA966D52382ADA800C6A517 /* Release */ = {
			isa = XCBuildConfiguration;
			buildSettings = {
				ASSETCATALOG_COMPILER_APPICON_NAME = AppIcon;
				CODE_SIGN_STYLE = Automatic;
				DEVELOPMENT_TEAM = 98SVP6YBGF;
				INFOPLIST_FILE = RickAndMorty/Info.plist;
				LD_RUNPATH_SEARCH_PATHS = (
					"$(inherited)",
					"@executable_path/Frameworks",
				);
				PRODUCT_BUNDLE_IDENTIFIER = chayarak.RickAndMorty;
				PRODUCT_NAME = "$(TARGET_NAME)";
				SWIFT_VERSION = 5.0;
				TARGETED_DEVICE_FAMILY = "1,2";
			};
			name = Release;
		};
		9CA966D72382ADA800C6A517 /* Debug */ = {
			isa = XCBuildConfiguration;
			buildSettings = {
				ALWAYS_EMBED_SWIFT_STANDARD_LIBRARIES = YES;
				BUNDLE_LOADER = "$(TEST_HOST)";
				CODE_SIGN_STYLE = Automatic;
				DEVELOPMENT_TEAM = 98SVP6YBGF;
				INFOPLIST_FILE = RickAndMortyTests/Info.plist;
				IPHONEOS_DEPLOYMENT_TARGET = 13.0;
				LD_RUNPATH_SEARCH_PATHS = (
					"$(inherited)",
					"@executable_path/Frameworks",
					"@loader_path/Frameworks",
				);
				PRODUCT_BUNDLE_IDENTIFIER = chayarak.RickAndMortyTests;
				PRODUCT_NAME = "$(TARGET_NAME)";
				SWIFT_VERSION = 5.0;
				TARGETED_DEVICE_FAMILY = "1,2";
				TEST_HOST = "$(BUILT_PRODUCTS_DIR)/RickAndMorty.app/RickAndMorty";
			};
			name = Debug;
		};
		9CA966D82382ADA800C6A517 /* Release */ = {
			isa = XCBuildConfiguration;
			buildSettings = {
				ALWAYS_EMBED_SWIFT_STANDARD_LIBRARIES = YES;
				BUNDLE_LOADER = "$(TEST_HOST)";
				CODE_SIGN_STYLE = Automatic;
				DEVELOPMENT_TEAM = 98SVP6YBGF;
				INFOPLIST_FILE = RickAndMortyTests/Info.plist;
				IPHONEOS_DEPLOYMENT_TARGET = 13.0;
				LD_RUNPATH_SEARCH_PATHS = (
					"$(inherited)",
					"@executable_path/Frameworks",
					"@loader_path/Frameworks",
				);
				PRODUCT_BUNDLE_IDENTIFIER = chayarak.RickAndMortyTests;
				PRODUCT_NAME = "$(TARGET_NAME)";
				SWIFT_VERSION = 5.0;
				TARGETED_DEVICE_FAMILY = "1,2";
				TEST_HOST = "$(BUILT_PRODUCTS_DIR)/RickAndMorty.app/RickAndMorty";
			};
			name = Release;
		};
		9CA966DA2382ADA800C6A517 /* Debug */ = {
			isa = XCBuildConfiguration;
			buildSettings = {
				ALWAYS_EMBED_SWIFT_STANDARD_LIBRARIES = YES;
				CODE_SIGN_STYLE = Automatic;
				DEVELOPMENT_TEAM = 98SVP6YBGF;
				INFOPLIST_FILE = RickAndMortyUITests/Info.plist;
				LD_RUNPATH_SEARCH_PATHS = (
					"$(inherited)",
					"@executable_path/Frameworks",
					"@loader_path/Frameworks",
				);
				PRODUCT_BUNDLE_IDENTIFIER = chayarak.RickAndMortyUITests;
				PRODUCT_NAME = "$(TARGET_NAME)";
				SWIFT_VERSION = 5.0;
				TARGETED_DEVICE_FAMILY = "1,2";
				TEST_TARGET_NAME = RickAndMorty;
			};
			name = Debug;
		};
		9CA966DB2382ADA800C6A517 /* Release */ = {
			isa = XCBuildConfiguration;
			buildSettings = {
				ALWAYS_EMBED_SWIFT_STANDARD_LIBRARIES = YES;
				CODE_SIGN_STYLE = Automatic;
				DEVELOPMENT_TEAM = 98SVP6YBGF;
				INFOPLIST_FILE = RickAndMortyUITests/Info.plist;
				LD_RUNPATH_SEARCH_PATHS = (
					"$(inherited)",
					"@executable_path/Frameworks",
					"@loader_path/Frameworks",
				);
				PRODUCT_BUNDLE_IDENTIFIER = chayarak.RickAndMortyUITests;
				PRODUCT_NAME = "$(TARGET_NAME)";
				SWIFT_VERSION = 5.0;
				TARGETED_DEVICE_FAMILY = "1,2";
				TEST_TARGET_NAME = RickAndMorty;
			};
			name = Release;
		};
/* End XCBuildConfiguration section */

/* Begin XCConfigurationList section */
		9CA966A42382ADA500C6A517 /* Build configuration list for PBXProject "RickAndMorty" */ = {
			isa = XCConfigurationList;
			buildConfigurations = (
				9CA966D12382ADA800C6A517 /* Debug */,
				9CA966D22382ADA800C6A517 /* Release */,
			);
			defaultConfigurationIsVisible = 0;
			defaultConfigurationName = Release;
		};
		9CA966D32382ADA800C6A517 /* Build configuration list for PBXNativeTarget "RickAndMorty" */ = {
			isa = XCConfigurationList;
			buildConfigurations = (
				9CA966D42382ADA800C6A517 /* Debug */,
				9CA966D52382ADA800C6A517 /* Release */,
			);
			defaultConfigurationIsVisible = 0;
			defaultConfigurationName = Release;
		};
		9CA966D62382ADA800C6A517 /* Build configuration list for PBXNativeTarget "RickAndMortyTests" */ = {
			isa = XCConfigurationList;
			buildConfigurations = (
				9CA966D72382ADA800C6A517 /* Debug */,
				9CA966D82382ADA800C6A517 /* Release */,
			);
			defaultConfigurationIsVisible = 0;
			defaultConfigurationName = Release;
		};
		9CA966D92382ADA800C6A517 /* Build configuration list for PBXNativeTarget "RickAndMortyUITests" */ = {
			isa = XCConfigurationList;
			buildConfigurations = (
				9CA966DA2382ADA800C6A517 /* Debug */,
				9CA966DB2382ADA800C6A517 /* Release */,
			);
			defaultConfigurationIsVisible = 0;
			defaultConfigurationName = Release;
		};
/* End XCConfigurationList section */
	};
	rootObject = 9CA966A12382ADA500C6A517 /* Project object */;
}
